<?xml version="1.0" encoding="utf-8"?>
<Project ToolsVersion="4.0" xmlns="http://schemas.microsoft.com/developer/msbuild/2003">
  <ItemGroup>
    <Filter Include="Source Files">
      <UniqueIdentifier>{4FC737F1-C7A5-4376-A066-2A32D752A2FF}</UniqueIdentifier>
      <Extensions>cpp;c;cc;cxx;def;odl;idl;hpj;bat;asm;asmx</Extensions>
    </Filter>
    <Filter Include="Header Files">
      <UniqueIdentifier>{93995380-89BD-4b04-88EB-625FBE52EBFB}</UniqueIdentifier>
      <Extensions>h;hh;hpp;hxx;hm;inl;inc;xsd</Extensions>
    </Filter>
    <Filter Include="Resource Files">
      <UniqueIdentifier>{67DA6AB6-F800-4c08-8B7A-83BB121AAD01}</UniqueIdentifier>
      <Extensions>rc;ico;cur;bmp;dlg;rc2;rct;bin;rgs;gif;jpg;jpeg;jpe;resx;tiff;tif;png;wav;mfcribbon-ms</Extensions>
    </Filter>
  </ItemGroup>
  <ItemGroup>
    <ClCompile Include="src\benchmarks\alias.cpp">
      <Filter>Source Files</Filter>
    </ClCompile>
    <ClCompile Include="src\benchmarks\match.cpp">
      <Filter>Source Files</Filter>
    </ClCompile>
    <ClCompile Include="src\benchmarks\packed_vector.cpp">
      <Filter>Source Files</Filter>
    </ClCompile>
    <ClCompile Include="src\benchmarks\static_rtree.cpp">
      <Filter>Source Files</Filter>
    </ClCompile>
    <ClCompile Include="src\contractor\contractor.cpp">
      <Filter>Source Files</Filter>
    </ClCompile>
    <ClCompile Include="src\contractor\contractor_search.cpp">
      <Filter>Source Files</Filter>
    </ClCompile>
    <ClCompile Include="src\contractor\graph_contractor.cpp">
      <Filter>Source Files</Filter>
    </ClCompile>
    <ClCompile Include="src\customize\customizer.cpp">
      <Filter>Source Files</Filter>
    </ClCompile>
    <ClCompile Include="src\engine\api\json_factory.cpp">
      <Filter>Source Files</Filter>
    </ClCompile>
    <ClCompile Include="src\engine\datafacade\mmap_memory_allocator.cpp">
      <Filter>Source Files</Filter>
    </ClCompile>
    <ClCompile Include="src\engine\datafacade\process_memory_allocator.cpp">
      <Filter>Source Files</Filter>
    </ClCompile>
    <ClCompile Include="src\engine\datafacade\shared_memory_allocator.cpp">
      <Filter>Source Files</Filter>
    </ClCompile>
    <ClCompile Include="src\engine\guidance\assemble_overview.cpp">
      <Filter>Source Files</Filter>
    </ClCompile>
    <ClCompile Include="src\engine\guidance\assemble_route.cpp">
      <Filter>Source Files</Filter>
    </ClCompile>
    <ClCompile Include="src\engine\guidance\assemble_steps.cpp">
      <Filter>Source Files</Filter>
    </ClCompile>
    <ClCompile Include="src\engine\guidance\collapse_scenario_detection.cpp">
      <Filter>Source Files</Filter>
    </ClCompile>
    <ClCompile Include="src\engine\guidance\collapse_turns.cpp">
      <Filter>Source Files</Filter>
    </ClCompile>
    <ClCompile Include="src\engine\guidance\lane_processing.cpp">
      <Filter>Source Files</Filter>
    </ClCompile>
    <ClCompile Include="src\engine\guidance\post_processing.cpp">
      <Filter>Source Files</Filter>
    </ClCompile>
    <ClCompile Include="src\engine\guidance\verbosity_reduction.cpp">
      <Filter>Source Files</Filter>
    </ClCompile>
    <ClCompile Include="src\engine\plugins\match.cpp">
      <Filter>Source Files</Filter>
    </ClCompile>
    <ClCompile Include="src\engine\plugins\nearest.cpp">
      <Filter>Source Files</Filter>
    </ClCompile>
    <ClCompile Include="src\engine\plugins\table.cpp">
      <Filter>Source Files</Filter>
    </ClCompile>
    <ClCompile Include="src\engine\plugins\tile.cpp">
      <Filter>Source Files</Filter>
    </ClCompile>
    <ClCompile Include="src\engine\plugins\trip.cpp">
      <Filter>Source Files</Filter>
    </ClCompile>
    <ClCompile Include="src\engine\plugins\viaroute.cpp">
      <Filter>Source Files</Filter>
    </ClCompile>
    <ClCompile Include="src\engine\routing_algorithms\alternative_path_ch.cpp">
      <Filter>Source Files</Filter>
    </ClCompile>
    <ClCompile Include="src\engine\routing_algorithms\alternative_path_mld.cpp">
      <Filter>Source Files</Filter>
    </ClCompile>
    <ClCompile Include="src\engine\routing_algorithms\direct_shortest_path.cpp">
      <Filter>Source Files</Filter>
    </ClCompile>
    <ClCompile Include="src\engine\routing_algorithms\many_to_many_ch.cpp">
      <Filter>Source Files</Filter>
    </ClCompile>
    <ClCompile Include="src\engine\routing_algorithms\many_to_many_mld.cpp">
      <Filter>Source Files</Filter>
    </ClCompile>
    <ClCompile Include="src\engine\routing_algorithms\map_matching.cpp">
      <Filter>Source Files</Filter>
    </ClCompile>
    <ClCompile Include="src\engine\routing_algorithms\routing_base.cpp">
      <Filter>Source Files</Filter>
    </ClCompile>
    <ClCompile Include="src\engine\routing_algorithms\routing_base_ch.cpp">
      <Filter>Source Files</Filter>
    </ClCompile>
    <ClCompile Include="src\engine\routing_algorithms\shortest_path.cpp">
      <Filter>Source Files</Filter>
    </ClCompile>
    <ClCompile Include="src\engine\routing_algorithms\tile_turns.cpp">
      <Filter>Source Files</Filter>
    </ClCompile>
    <ClCompile Include="src\engine\douglas_peucker.cpp">
      <Filter>Source Files</Filter>
    </ClCompile>
    <ClCompile Include="src\engine\engine_config.cpp">
      <Filter>Source Files</Filter>
    </ClCompile>
    <ClCompile Include="src\engine\hint.cpp">
      <Filter>Source Files</Filter>
    </ClCompile>
    <ClCompile Include="src\engine\polyline_compressor.cpp">
      <Filter>Source Files</Filter>
    </ClCompile>
    <ClCompile Include="src\engine\search_engine_data.cpp">
      <Filter>Source Files</Filter>
    </ClCompile>
    <ClCompile Include="src\extractor\intersection\coordinate_extractor.cpp">
      <Filter>Source Files</Filter>
    </ClCompile>
    <ClCompile Include="src\extractor\intersection\have_identical_names.cpp">
      <Filter>Source Files</Filter>
    </ClCompile>
    <ClCompile Include="src\extractor\intersection\intersection.cpp">
      <Filter>Source Files</Filter>
    </ClCompile>
    <ClCompile Include="src\extractor\intersection\intersection_analysis.cpp">
      <Filter>Source Files</Filter>
    </ClCompile>
    <ClCompile Include="src\extractor\intersection\mergable_road_detector.cpp">
      <Filter>Source Files</Filter>
    </ClCompile>
    <ClCompile Include="src\extractor\intersection\node_based_graph_walker.cpp">
      <Filter>Source Files</Filter>
    </ClCompile>
    <ClCompile Include="src\extractor\compressed_edge_container.cpp">
      <Filter>Source Files</Filter>
    </ClCompile>
    <ClCompile Include="src\extractor\edge_based_graph_factory.cpp">
      <Filter>Source Files</Filter>
    </ClCompile>
    <ClCompile Include="src\extractor\extraction_containers.cpp">
      <Filter>Source Files</Filter>
    </ClCompile>
    <ClCompile Include="src\extractor\extractor.cpp">
      <Filter>Source Files</Filter>
    </ClCompile>
    <ClCompile Include="src\extractor\extractor_callbacks.cpp">
      <Filter>Source Files</Filter>
    </ClCompile>
    <ClCompile Include="src\extractor\graph_compressor.cpp">
      <Filter>Source Files</Filter>
    </ClCompile>
    <ClCompile Include="src\extractor\location_dependent_data.cpp">
      <Filter>Source Files</Filter>
    </ClCompile>
    <ClCompile Include="src\extractor\maneuver_override_relation_parser.cpp">
      <Filter>Source Files</Filter>
    </ClCompile>
    <ClCompile Include="src\extractor\node_based_graph_factory.cpp">
      <Filter>Source Files</Filter>
    </ClCompile>
    <ClCompile Include="src\extractor\raster_source.cpp">
      <Filter>Source Files</Filter>
    </ClCompile>
    <ClCompile Include="src\extractor\restriction_compressor.cpp">
      <Filter>Source Files</Filter>
    </ClCompile>
    <ClCompile Include="src\extractor\restriction_filter.cpp">
      <Filter>Source Files</Filter>
    </ClCompile>
    <ClCompile Include="src\extractor\restriction_parser.cpp">
      <Filter>Source Files</Filter>
    </ClCompile>
    <ClCompile Include="src\extractor\scripting_environment_lua.cpp">
      <Filter>Source Files</Filter>
    </ClCompile>
    <ClCompile Include="src\extractor\suffix_table.cpp">
      <Filter>Source Files</Filter>
    </ClCompile>
    <ClCompile Include="src\extractor\way_restriction_map.cpp">
      <Filter>Source Files</Filter>
    </ClCompile>
    <ClCompile Include="src\guidance\driveway_handler.cpp">
      <Filter>Source Files</Filter>
    </ClCompile>
    <ClCompile Include="src\guidance\guidance_processing.cpp">
      <Filter>Source Files</Filter>
    </ClCompile>
    <ClCompile Include="src\guidance\intersection_handler.cpp">
      <Filter>Source Files</Filter>
    </ClCompile>
    <ClCompile Include="src\guidance\motorway_handler.cpp">
      <Filter>Source Files</Filter>
    </ClCompile>
    <ClCompile Include="src\guidance\roundabout_handler.cpp">
      <Filter>Source Files</Filter>
    </ClCompile>
    <ClCompile Include="src\guidance\segregated_intersection_classification.cpp">
      <Filter>Source Files</Filter>
    </ClCompile>
    <ClCompile Include="src\guidance\sliproad_handler.cpp">
      <Filter>Source Files</Filter>
    </ClCompile>
    <ClCompile Include="src\guidance\suppress_mode_handler.cpp">
      <Filter>Source Files</Filter>
    </ClCompile>
    <ClCompile Include="src\guidance\turn_analysis.cpp">
      <Filter>Source Files</Filter>
    </ClCompile>
    <ClCompile Include="src\guidance\turn_classification.cpp">
      <Filter>Source Files</Filter>
    </ClCompile>
    <ClCompile Include="src\guidance\turn_discovery.cpp">
      <Filter>Source Files</Filter>
    </ClCompile>
    <ClCompile Include="src\guidance\turn_handler.cpp">
      <Filter>Source Files</Filter>
    </ClCompile>
    <ClCompile Include="src\guidance\turn_lane_augmentation.cpp">
      <Filter>Source Files</Filter>
    </ClCompile>
    <ClCompile Include="src\guidance\turn_lane_data.cpp">
      <Filter>Source Files</Filter>
    </ClCompile>
    <ClCompile Include="src\guidance\turn_lane_handler.cpp">
      <Filter>Source Files</Filter>
    </ClCompile>
    <ClCompile Include="src\guidance\turn_lane_matcher.cpp">
      <Filter>Source Files</Filter>
    </ClCompile>
    <ClCompile Include="src\osrm\contractor.cpp">
      <Filter>Source Files</Filter>
    </ClCompile>
    <ClCompile Include="src\osrm\customizer.cpp">
      <Filter>Source Files</Filter>
    </ClCompile>
    <ClCompile Include="src\osrm\extractor.cpp">
      <Filter>Source Files</Filter>
    </ClCompile>
    <ClCompile Include="src\osrm\osrm.cpp">
      <Filter>Source Files</Filter>
    </ClCompile>
    <ClCompile Include="src\osrm\partitioner.cpp">
      <Filter>Source Files</Filter>
    </ClCompile>
    <ClCompile Include="src\partitioner\bisection_graph_view.cpp">
      <Filter>Source Files</Filter>
    </ClCompile>
    <ClCompile Include="src\partitioner\bisection_to_partition.cpp">
      <Filter>Source Files</Filter>
    </ClCompile>
    <ClCompile Include="src\partitioner\dinic_max_flow.cpp">
      <Filter>Source Files</Filter>
    </ClCompile>
    <ClCompile Include="src\partitioner\inertial_flow.cpp">
      <Filter>Source Files</Filter>
    </ClCompile>
    <ClCompile Include="src\partitioner\partitioner.cpp">
      <Filter>Source Files</Filter>
    </ClCompile>
    <ClCompile Include="src\partitioner\recursive_bisection.cpp">
      <Filter>Source Files</Filter>
    </ClCompile>
    <ClCompile Include="src\partitioner\recursive_bisection_state.cpp">
      <Filter>Source Files</Filter>
    </ClCompile>
    <ClCompile Include="src\partitioner\renumber.cpp">
      <Filter>Source Files</Filter>
    </ClCompile>
    <ClCompile Include="src\partitioner\tarjan_graph_wrapper.cpp">
      <Filter>Source Files</Filter>
    </ClCompile>
    <ClCompile Include="src\server\api\parameters_parser.cpp">
      <Filter>Source Files</Filter>
    </ClCompile>
    <ClCompile Include="src\server\api\url_parser.cpp">
      <Filter>Source Files</Filter>
    </ClCompile>
    <ClCompile Include="src\server\http\reply.cpp">
      <Filter>Source Files</Filter>
    </ClCompile>
    <ClCompile Include="src\server\service\match_service.cpp">
      <Filter>Source Files</Filter>
    </ClCompile>
    <ClCompile Include="src\server\service\nearest_service.cpp">
      <Filter>Source Files</Filter>
    </ClCompile>
    <ClCompile Include="src\server\service\route_service.cpp">
      <Filter>Source Files</Filter>
    </ClCompile>
    <ClCompile Include="src\server\service\table_service.cpp">
      <Filter>Source Files</Filter>
    </ClCompile>
    <ClCompile Include="src\server\service\tile_service.cpp">
      <Filter>Source Files</Filter>
    </ClCompile>
    <ClCompile Include="src\server\service\trip_service.cpp">
      <Filter>Source Files</Filter>
    </ClCompile>
    <ClCompile Include="src\server\connection.cpp">
      <Filter>Source Files</Filter>
    </ClCompile>
    <ClCompile Include="src\server\request_handler.cpp">
      <Filter>Source Files</Filter>
    </ClCompile>
    <ClCompile Include="src\server\request_parser.cpp">
      <Filter>Source Files</Filter>
    </ClCompile>
    <ClCompile Include="src\server\service_handler.cpp">
      <Filter>Source Files</Filter>
    </ClCompile>
    <ClCompile Include="src\storage\io_config.cpp">
      <Filter>Source Files</Filter>
    </ClCompile>
    <ClCompile Include="src\storage\storage.cpp">
      <Filter>Source Files</Filter>
    </ClCompile>
    <ClCompile Include="src\tools\components.cpp">
      <Filter>Source Files</Filter>
    </ClCompile>
    <ClCompile Include="src\tools\contract.cpp">
      <Filter>Source Files</Filter>
    </ClCompile>
    <ClCompile Include="src\tools\customize.cpp">
      <Filter>Source Files</Filter>
    </ClCompile>
    <ClCompile Include="src\tools\extract.cpp">
      <Filter>Source Files</Filter>
    </ClCompile>
    <ClCompile Include="src\tools\io-benchmark.cpp">
      <Filter>Source Files</Filter>
    </ClCompile>
    <ClCompile Include="src\tools\partition.cpp">
      <Filter>Source Files</Filter>
    </ClCompile>
    <ClCompile Include="src\tools\routed.cpp">
      <Filter>Source Files</Filter>
    </ClCompile>
    <ClCompile Include="src\tools\store.cpp">
      <Filter>Source Files</Filter>
    </ClCompile>
    <ClCompile Include="src\updater\csv_source.cpp">
      <Filter>Source Files</Filter>
    </ClCompile>
    <ClCompile Include="src\updater\updater.cpp">
      <Filter>Source Files</Filter>
    </ClCompile>
    <ClCompile Include="src\util\guidance\bearing_class.cpp">
      <Filter>Source Files</Filter>
    </ClCompile>
    <ClCompile Include="src\util\guidance\entry_class.cpp">
      <Filter>Source Files</Filter>
    </ClCompile>
    <ClCompile Include="src\util\guidance\turn_lanes.cpp">
      <Filter>Source Files</Filter>
    </ClCompile>
    <ClCompile Include="src\util\assert.cpp">
      <Filter>Source Files</Filter>
    </ClCompile>
    <ClCompile Include="src\util\conditional_restrictions.cpp">
      <Filter>Source Files</Filter>
    </ClCompile>
    <ClCompile Include="src\util\coordinate.cpp">
      <Filter>Source Files</Filter>
    </ClCompile>
    <ClCompile Include="src\util\coordinate_calculation.cpp">
      <Filter>Source Files</Filter>
    </ClCompile>
    <ClCompile Include="src\util\exception.cpp">
      <Filter>Source Files</Filter>
    </ClCompile>
    <ClCompile Include="src\util\fingerprint.cpp">
      <Filter>Source Files</Filter>
    </ClCompile>
    <ClCompile Include="src\util\geojson_debug_policies.cpp">
      <Filter>Source Files</Filter>
    </ClCompile>
    <ClCompile Include="src\util\glibc_workaround.cpp">
      <Filter>Source Files</Filter>
    </ClCompile>
    <ClCompile Include="src\util\log.cpp">
      <Filter>Source Files</Filter>
    </ClCompile>
    <ClCompile Include="src\util\opening_hours.cpp">
      <Filter>Source Files</Filter>
    </ClCompile>
    <ClCompile Include="src\util\timed_historgram.cpp">
      <Filter>Source Files</Filter>
    </ClCompile>
    <ClCompile Include="src\util\timezones.cpp">
      <Filter>Source Files</Filter>
    </ClCompile>
  </ItemGroup>
  <ItemGroup>
    <ClInclude Include="include\contractor\contract_excludable_graph.hpp">
      <Filter>Header Files</Filter>
    </ClInclude>
    <ClInclude Include="include\contractor\contracted_edge_container.hpp">
      <Filter>Header Files</Filter>
    </ClInclude>
    <ClInclude Include="include\contractor\contracted_metric.hpp">
      <Filter>Header Files</Filter>
    </ClInclude>
    <ClInclude Include="include\contractor\contractor.hpp">
      <Filter>Header Files</Filter>
    </ClInclude>
    <ClInclude Include="include\contractor\contractor_config.hpp">
      <Filter>Header Files</Filter>
    </ClInclude>
    <ClInclude Include="include\contractor\contractor_graph.hpp">
      <Filter>Header Files</Filter>
    </ClInclude>
    <ClInclude Include="include\contractor\contractor_heap.hpp">
      <Filter>Header Files</Filter>
    </ClInclude>
    <ClInclude Include="include\contractor\contractor_search.hpp">
      <Filter>Header Files</Filter>
    </ClInclude>
    <ClInclude Include="include\contractor\crc32_processor.hpp">
      <Filter>Header Files</Filter>
    </ClInclude>
    <ClInclude Include="include\contractor\files.hpp">
      <Filter>Header Files</Filter>
    </ClInclude>
    <ClInclude Include="include\contractor\graph_contractor.hpp">
      <Filter>Header Files</Filter>
    </ClInclude>
    <ClInclude Include="include\contractor\graph_contractor_adaptors.hpp">
      <Filter>Header Files</Filter>
    </ClInclude>
    <ClInclude Include="include\contractor\query_edge.hpp">
      <Filter>Header Files</Filter>
    </ClInclude>
    <ClInclude Include="include\contractor\query_graph.hpp">
      <Filter>Header Files</Filter>
    </ClInclude>
    <ClInclude Include="include\contractor\serialization.hpp">
      <Filter>Header Files</Filter>
    </ClInclude>
    <ClInclude Include="include\customizer\cell_customizer.hpp">
      <Filter>Header Files</Filter>
    </ClInclude>
    <ClInclude Include="include\customizer\cell_metric.hpp">
      <Filter>Header Files</Filter>
    </ClInclude>
    <ClInclude Include="include\customizer\customizer.hpp">
      <Filter>Header Files</Filter>
    </ClInclude>
    <ClInclude Include="include\customizer\customizer_config.hpp">
      <Filter>Header Files</Filter>
    </ClInclude>
    <ClInclude Include="include\customizer\edge_based_graph.hpp">
      <Filter>Header Files</Filter>
    </ClInclude>
    <ClInclude Include="include\customizer\files.hpp">
      <Filter>Header Files</Filter>
    </ClInclude>
    <ClInclude Include="include\customizer\serialization.hpp">
      <Filter>Header Files</Filter>
    </ClInclude>
    <ClInclude Include="include\engine\api\base_api.hpp">
      <Filter>Header Files</Filter>
    </ClInclude>
    <ClInclude Include="include\engine\api\base_parameters.hpp">
      <Filter>Header Files</Filter>
    </ClInclude>
    <ClInclude Include="include\engine\api\json_factory.hpp">
      <Filter>Header Files</Filter>
    </ClInclude>
    <ClInclude Include="include\engine\api\match_api.hpp">
      <Filter>Header Files</Filter>
    </ClInclude>
    <ClInclude Include="include\engine\api\match_parameters.hpp">
      <Filter>Header Files</Filter>
    </ClInclude>
    <ClInclude Include="include\engine\api\match_parameters_tidy.hpp">
      <Filter>Header Files</Filter>
    </ClInclude>
    <ClInclude Include="include\engine\api\nearest_api.hpp">
      <Filter>Header Files</Filter>
    </ClInclude>
    <ClInclude Include="include\engine\api\nearest_parameters.hpp">
      <Filter>Header Files</Filter>
    </ClInclude>
    <ClInclude Include="include\engine\api\route_api.hpp">
      <Filter>Header Files</Filter>
    </ClInclude>
    <ClInclude Include="include\engine\api\route_parameters.hpp">
      <Filter>Header Files</Filter>
    </ClInclude>
    <ClInclude Include="include\engine\api\table_api.hpp">
      <Filter>Header Files</Filter>
    </ClInclude>
    <ClInclude Include="include\engine\api\table_parameters.hpp">
      <Filter>Header Files</Filter>
    </ClInclude>
    <ClInclude Include="include\engine\api\tile_parameters.hpp">
      <Filter>Header Files</Filter>
    </ClInclude>
    <ClInclude Include="include\engine\api\trip_api.hpp">
      <Filter>Header Files</Filter>
    </ClInclude>
    <ClInclude Include="include\engine\api\trip_parameters.hpp">
      <Filter>Header Files</Filter>
    </ClInclude>
    <ClInclude Include="include\engine\datafacade\algorithm_datafacade.hpp">
      <Filter>Header Files</Filter>
    </ClInclude>
    <ClInclude Include="include\engine\datafacade\contiguous_block_allocator.hpp">
      <Filter>Header Files</Filter>
    </ClInclude>
    <ClInclude Include="include\engine\datafacade\contiguous_internalmem_datafacade.hpp">
      <Filter>Header Files</Filter>
    </ClInclude>
    <ClInclude Include="include\engine\datafacade\datafacade_base.hpp">
      <Filter>Header Files</Filter>
    </ClInclude>
    <ClInclude Include="include\engine\datafacade\mmap_memory_allocator.hpp">
      <Filter>Header Files</Filter>
    </ClInclude>
    <ClInclude Include="include\engine\datafacade\process_memory_allocator.hpp">
      <Filter>Header Files</Filter>
    </ClInclude>
    <ClInclude Include="include\engine\datafacade\shared_memory_allocator.hpp">
      <Filter>Header Files</Filter>
    </ClInclude>
    <ClInclude Include="include\engine\guidance\assemble_geometry.hpp">
      <Filter>Header Files</Filter>
    </ClInclude>
    <ClInclude Include="include\engine\guidance\assemble_leg.hpp">
      <Filter>Header Files</Filter>
    </ClInclude>
    <ClInclude Include="include\engine\guidance\assemble_overview.hpp">
      <Filter>Header Files</Filter>
    </ClInclude>
    <ClInclude Include="include\engine\guidance\assemble_route.hpp">
      <Filter>Header Files</Filter>
    </ClInclude>
    <ClInclude Include="include\engine\guidance\assemble_steps.hpp">
      <Filter>Header Files</Filter>
    </ClInclude>
    <ClInclude Include="include\engine\guidance\collapse_scenario_detection.hpp">
      <Filter>Header Files</Filter>
    </ClInclude>
    <ClInclude Include="include\engine\guidance\collapse_turns.hpp">
      <Filter>Header Files</Filter>
    </ClInclude>
    <ClInclude Include="include\engine\guidance\collapsing_utility.hpp">
      <Filter>Header Files</Filter>
    </ClInclude>
    <ClInclude Include="include\engine\guidance\lane_processing.hpp">
      <Filter>Header Files</Filter>
    </ClInclude>
    <ClInclude Include="include\engine\guidance\leg_geometry.hpp">
      <Filter>Header Files</Filter>
    </ClInclude>
    <ClInclude Include="include\engine\guidance\post_processing.hpp">
      <Filter>Header Files</Filter>
    </ClInclude>
    <ClInclude Include="include\engine\guidance\postprocessing_toolkit.hpp">
      <Filter>Header Files</Filter>
    </ClInclude>
    <ClInclude Include="include\engine\guidance\route.hpp">
      <Filter>Header Files</Filter>
    </ClInclude>
    <ClInclude Include="include\engine\guidance\route_leg.hpp">
      <Filter>Header Files</Filter>
    </ClInclude>
    <ClInclude Include="include\engine\guidance\route_step.hpp">
      <Filter>Header Files</Filter>
    </ClInclude>
    <ClInclude Include="include\engine\guidance\step_maneuver.hpp">
      <Filter>Header Files</Filter>
    </ClInclude>
    <ClInclude Include="include\engine\guidance\verbosity_reduction.hpp">
      <Filter>Header Files</Filter>
    </ClInclude>
    <ClInclude Include="include\engine\map_matching\bayes_classifier.hpp">
      <Filter>Header Files</Filter>
    </ClInclude>
    <ClInclude Include="include\engine\map_matching\hidden_markov_model.hpp">
      <Filter>Header Files</Filter>
    </ClInclude>
    <ClInclude Include="include\engine\map_matching\matching_confidence.hpp">
      <Filter>Header Files</Filter>
    </ClInclude>
    <ClInclude Include="include\engine\map_matching\sub_matching.hpp">
      <Filter>Header Files</Filter>
    </ClInclude>
    <ClInclude Include="include\engine\plugins\match.hpp">
      <Filter>Header Files</Filter>
    </ClInclude>
    <ClInclude Include="include\engine\plugins\nearest.hpp">
      <Filter>Header Files</Filter>
    </ClInclude>
    <ClInclude Include="include\engine\plugins\plugin_base.hpp">
      <Filter>Header Files</Filter>
    </ClInclude>
    <ClInclude Include="include\engine\plugins\table.hpp">
      <Filter>Header Files</Filter>
    </ClInclude>
    <ClInclude Include="include\engine\plugins\tile.hpp">
      <Filter>Header Files</Filter>
    </ClInclude>
    <ClInclude Include="include\engine\plugins\trip.hpp">
      <Filter>Header Files</Filter>
    </ClInclude>
    <ClInclude Include="include\engine\plugins\viaroute.hpp">
      <Filter>Header Files</Filter>
    </ClInclude>
    <ClInclude Include="include\engine\routing_algorithms\alternative_path.hpp">
      <Filter>Header Files</Filter>
    </ClInclude>
    <ClInclude Include="include\engine\routing_algorithms\direct_shortest_path.hpp">
      <Filter>Header Files</Filter>
    </ClInclude>
    <ClInclude Include="include\engine\routing_algorithms\many_to_many.hpp">
      <Filter>Header Files</Filter>
    </ClInclude>
    <ClInclude Include="include\engine\routing_algorithms\map_matching.hpp">
      <Filter>Header Files</Filter>
    </ClInclude>
    <ClInclude Include="include\engine\routing_algorithms\routing_base.hpp">
      <Filter>Header Files</Filter>
    </ClInclude>
    <ClInclude Include="include\engine\routing_algorithms\routing_base_ch.hpp">
      <Filter>Header Files</Filter>
    </ClInclude>
    <ClInclude Include="include\engine\routing_algorithms\routing_base_mld.hpp">
      <Filter>Header Files</Filter>
    </ClInclude>
    <ClInclude Include="include\engine\routing_algorithms\shortest_path.hpp">
      <Filter>Header Files</Filter>
    </ClInclude>
    <ClInclude Include="include\engine\routing_algorithms\shortest_path_impl.hpp">
      <Filter>Header Files</Filter>
    </ClInclude>
    <ClInclude Include="include\engine\routing_algorithms\tile_turns.hpp">
      <Filter>Header Files</Filter>
    </ClInclude>
    <ClInclude Include="include\engine\trip\trip_brute_force.hpp">
      <Filter>Header Files</Filter>
    </ClInclude>
    <ClInclude Include="include\engine\trip\trip_farthest_insertion.hpp">
      <Filter>Header Files</Filter>
    </ClInclude>
    <ClInclude Include="include\engine\trip\trip_nearest_neighbour.hpp">
      <Filter>Header Files</Filter>
    </ClInclude>
    <ClInclude Include="include\engine\algorithm.hpp">
      <Filter>Header Files</Filter>
    </ClInclude>
    <ClInclude Include="include\engine\approach.hpp">
      <Filter>Header Files</Filter>
    </ClInclude>
    <ClInclude Include="include\engine\base64.hpp">
      <Filter>Header Files</Filter>
    </ClInclude>
    <ClInclude Include="include\engine\bearing.hpp">
      <Filter>Header Files</Filter>
    </ClInclude>
    <ClInclude Include="include\engine\data_watchdog.hpp">
      <Filter>Header Files</Filter>
    </ClInclude>
    <ClInclude Include="include\engine\datafacade.hpp">
      <Filter>Header Files</Filter>
    </ClInclude>
    <ClInclude Include="include\engine\datafacade_factory.hpp">
      <Filter>Header Files</Filter>
    </ClInclude>
    <ClInclude Include="include\engine\datafacade_provider.hpp">
      <Filter>Header Files</Filter>
    </ClInclude>
    <ClInclude Include="include\engine\douglas_peucker.hpp">
      <Filter>Header Files</Filter>
    </ClInclude>
    <ClInclude Include="include\engine\engine.hpp">
      <Filter>Header Files</Filter>
    </ClInclude>
    <ClInclude Include="include\engine\engine_config.hpp">
      <Filter>Header Files</Filter>
    </ClInclude>
    <ClInclude Include="include\engine\geospatial_query.hpp">
      <Filter>Header Files</Filter>
    </ClInclude>
    <ClInclude Include="include\engine\hint.hpp">
      <Filter>Header Files</Filter>
    </ClInclude>
    <ClInclude Include="include\engine\internal_route_result.hpp">
      <Filter>Header Files</Filter>
    </ClInclude>
    <ClInclude Include="include\engine\phantom_node.hpp">
      <Filter>Header Files</Filter>
    </ClInclude>
    <ClInclude Include="include\engine\polyline_compressor.hpp">
      <Filter>Header Files</Filter>
    </ClInclude>
    <ClInclude Include="include\engine\routing_algorithms.hpp">
      <Filter>Header Files</Filter>
    </ClInclude>
    <ClInclude Include="include\engine\search_engine_data.hpp">
      <Filter>Header Files</Filter>
    </ClInclude>
    <ClInclude Include="include\engine\status.hpp">
      <Filter>Header Files</Filter>
    </ClInclude>
    <ClInclude Include="include\extractor\intersection\constants.hpp">
      <Filter>Header Files</Filter>
    </ClInclude>
    <ClInclude Include="include\extractor\intersection\coordinate_extractor.hpp">
      <Filter>Header Files</Filter>
    </ClInclude>
    <ClInclude Include="include\extractor\intersection\have_identical_names.hpp">
      <Filter>Header Files</Filter>
    </ClInclude>
    <ClInclude Include="include\extractor\intersection\intersection_analysis.hpp">
      <Filter>Header Files</Filter>
    </ClInclude>
    <ClInclude Include="include\extractor\intersection\intersection_edge.hpp">
      <Filter>Header Files</Filter>
    </ClInclude>
    <ClInclude Include="include\extractor\intersection\intersection_view.hpp">
      <Filter>Header Files</Filter>
    </ClInclude>
    <ClInclude Include="include\extractor\intersection\mergable_road_detector.hpp">
      <Filter>Header Files</Filter>
    </ClInclude>
    <ClInclude Include="include\extractor\intersection\node_based_graph_walker.hpp">
      <Filter>Header Files</Filter>
    </ClInclude>
    <ClInclude Include="include\extractor\class_data.hpp">
      <Filter>Header Files</Filter>
    </ClInclude>
    <ClInclude Include="include\extractor\compressed_edge_container.hpp">
      <Filter>Header Files</Filter>
    </ClInclude>
    <ClInclude Include="include\extractor\compressed_node_based_graph_edge.hpp">
      <Filter>Header Files</Filter>
    </ClInclude>
    <ClInclude Include="include\extractor\conditional_turn_penalty.hpp">
      <Filter>Header Files</Filter>
    </ClInclude>
    <ClInclude Include="include\extractor\datasources.hpp">
      <Filter>Header Files</Filter>
    </ClInclude>
    <ClInclude Include="include\extractor\edge_based_edge.hpp">
      <Filter>Header Files</Filter>
    </ClInclude>
    <ClInclude Include="include\extractor\edge_based_graph_factory.hpp">
      <Filter>Header Files</Filter>
    </ClInclude>
    <ClInclude Include="include\extractor\edge_based_node.hpp">
      <Filter>Header Files</Filter>
    </ClInclude>
    <ClInclude Include="include\extractor\edge_based_node_segment.hpp">
      <Filter>Header Files</Filter>
    </ClInclude>
    <ClInclude Include="include\extractor\extraction_containers.hpp">
      <Filter>Header Files</Filter>
    </ClInclude>
    <ClInclude Include="include\extractor\extraction_helper_functions.hpp">
      <Filter>Header Files</Filter>
    </ClInclude>
    <ClInclude Include="include\extractor\extraction_node.hpp">
      <Filter>Header Files</Filter>
    </ClInclude>
    <ClInclude Include="include\extractor\extraction_relation.hpp">
      <Filter>Header Files</Filter>
    </ClInclude>
    <ClInclude Include="include\extractor\extraction_segment.hpp">
      <Filter>Header Files</Filter>
    </ClInclude>
    <ClInclude Include="include\extractor\extraction_turn.hpp">
      <Filter>Header Files</Filter>
    </ClInclude>
    <ClInclude Include="include\extractor\extraction_way.hpp">
      <Filter>Header Files</Filter>
    </ClInclude>
    <ClInclude Include="include\extractor\extractor.hpp">
      <Filter>Header Files</Filter>
    </ClInclude>
    <ClInclude Include="include\extractor\extractor_callbacks.hpp">
      <Filter>Header Files</Filter>
    </ClInclude>
    <ClInclude Include="include\extractor\extractor_config.hpp">
      <Filter>Header Files</Filter>
    </ClInclude>
    <ClInclude Include="include\extractor\files.hpp">
      <Filter>Header Files</Filter>
    </ClInclude>
    <ClInclude Include="include\extractor\first_and_last_segment_of_way.hpp">
      <Filter>Header Files</Filter>
    </ClInclude>
    <ClInclude Include="include\extractor\geojson_debug_policies.hpp">
      <Filter>Header Files</Filter>
    </ClInclude>
    <ClInclude Include="include\extractor\graph_compressor.hpp">
      <Filter>Header Files</Filter>
    </ClInclude>
    <ClInclude Include="include\extractor\internal_extractor_edge.hpp">
      <Filter>Header Files</Filter>
    </ClInclude>
    <ClInclude Include="include\extractor\intersection_bearings_container.hpp">
      <Filter>Header Files</Filter>
    </ClInclude>
    <ClInclude Include="include\extractor\location_dependent_data.hpp">
      <Filter>Header Files</Filter>
    </ClInclude>
    <ClInclude Include="include\extractor\maneuver_override.hpp">
      <Filter>Header Files</Filter>
    </ClInclude>
    <ClInclude Include="include\extractor\maneuver_override_relation_parser.hpp">
      <Filter>Header Files</Filter>
    </ClInclude>
    <ClInclude Include="include\extractor\name_table.hpp">
      <Filter>Header Files</Filter>
    </ClInclude>
    <ClInclude Include="include\extractor\nbg_to_ebg.hpp">
      <Filter>Header Files</Filter>
    </ClInclude>
    <ClInclude Include="include\extractor\node_based_edge.hpp">
      <Filter>Header Files</Filter>
    </ClInclude>
    <ClInclude Include="include\extractor\node_based_graph_factory.hpp">
      <Filter>Header Files</Filter>
    </ClInclude>
    <ClInclude Include="include\extractor\node_data_container.hpp">
      <Filter>Header Files</Filter>
    </ClInclude>
    <ClInclude Include="include\extractor\packed_osm_ids.hpp">
      <Filter>Header Files</Filter>
    </ClInclude>
    <ClInclude Include="include\extractor\profile_properties.hpp">
      <Filter>Header Files</Filter>
    </ClInclude>
    <ClInclude Include="include\extractor\query_node.hpp">
      <Filter>Header Files</Filter>
    </ClInclude>
    <ClInclude Include="include\extractor\raster_source.hpp">
      <Filter>Header Files</Filter>
    </ClInclude>
    <ClInclude Include="include\extractor\restriction.hpp">
      <Filter>Header Files</Filter>
    </ClInclude>
    <ClInclude Include="include\extractor\restriction_compressor.hpp">
      <Filter>Header Files</Filter>
    </ClInclude>
    <ClInclude Include="include\extractor\restriction_filter.hpp">
      <Filter>Header Files</Filter>
    </ClInclude>
    <ClInclude Include="include\extractor\restriction_index.hpp">
      <Filter>Header Files</Filter>
    </ClInclude>
    <ClInclude Include="include\extractor\restriction_parser.hpp">
      <Filter>Header Files</Filter>
    </ClInclude>
    <ClInclude Include="include\extractor\road_classification.hpp">
      <Filter>Header Files</Filter>
    </ClInclude>
    <ClInclude Include="include\extractor\scripting_environment.hpp">
      <Filter>Header Files</Filter>
    </ClInclude>
    <ClInclude Include="include\extractor\scripting_environment_lua.hpp">
      <Filter>Header Files</Filter>
    </ClInclude>
    <ClInclude Include="include\extractor\segment_data_container.hpp">
      <Filter>Header Files</Filter>
    </ClInclude>
    <ClInclude Include="include\extractor\serialization.hpp">
      <Filter>Header Files</Filter>
    </ClInclude>
    <ClInclude Include="include\extractor\suffix_table.hpp">
      <Filter>Header Files</Filter>
    </ClInclude>
    <ClInclude Include="include\extractor\tarjan_scc.hpp">
      <Filter>Header Files</Filter>
    </ClInclude>
    <ClInclude Include="include\extractor\travel_mode.hpp">
      <Filter>Header Files</Filter>
    </ClInclude>
    <ClInclude Include="include\extractor\turn_lane_types.hpp">
      <Filter>Header Files</Filter>
    </ClInclude>
    <ClInclude Include="include\extractor\way_restriction_map.hpp">
      <Filter>Header Files</Filter>
    </ClInclude>
    <ClInclude Include="include\guidance\constants.hpp">
      <Filter>Header Files</Filter>
    </ClInclude>
    <ClInclude Include="include\guidance\driveway_handler.hpp">
      <Filter>Header Files</Filter>
    </ClInclude>
    <ClInclude Include="include\guidance\files.hpp">
      <Filter>Header Files</Filter>
    </ClInclude>
    <ClInclude Include="include\guidance\guidance_processing.hpp">
      <Filter>Header Files</Filter>
    </ClInclude>
    <ClInclude Include="include\guidance\intersection.hpp">
      <Filter>Header Files</Filter>
    </ClInclude>
    <ClInclude Include="include\guidance\intersection_handler.hpp">
      <Filter>Header Files</Filter>
    </ClInclude>
    <ClInclude Include="include\guidance\is_through_street.hpp">
      <Filter>Header Files</Filter>
    </ClInclude>
    <ClInclude Include="include\guidance\motorway_handler.hpp">
      <Filter>Header Files</Filter>
    </ClInclude>
    <ClInclude Include="include\guidance\parsing_toolkit.hpp">
      <Filter>Header Files</Filter>
    </ClInclude>
    <ClInclude Include="include\guidance\roundabout_handler.hpp">
      <Filter>Header Files</Filter>
    </ClInclude>
    <ClInclude Include="include\guidance\roundabout_type.hpp">
      <Filter>Header Files</Filter>
    </ClInclude>
    <ClInclude Include="include\guidance\segregated_intersection_classification.hpp">
      <Filter>Header Files</Filter>
    </ClInclude>
    <ClInclude Include="include\guidance\serialization.hpp">
      <Filter>Header Files</Filter>
    </ClInclude>
    <ClInclude Include="include\guidance\sliproad_handler.hpp">
      <Filter>Header Files</Filter>
    </ClInclude>
    <ClInclude Include="include\guidance\statistics_handler.hpp">
      <Filter>Header Files</Filter>
    </ClInclude>
    <ClInclude Include="include\guidance\suppress_mode_handler.hpp">
      <Filter>Header Files</Filter>
    </ClInclude>
    <ClInclude Include="include\guidance\turn_analysis.hpp">
      <Filter>Header Files</Filter>
    </ClInclude>
    <ClInclude Include="include\guidance\turn_bearing.hpp">
      <Filter>Header Files</Filter>
    </ClInclude>
    <ClInclude Include="include\guidance\turn_classification.hpp">
      <Filter>Header Files</Filter>
    </ClInclude>
    <ClInclude Include="include\guidance\turn_data_container.hpp">
      <Filter>Header Files</Filter>
    </ClInclude>
    <ClInclude Include="include\guidance\turn_discovery.hpp">
      <Filter>Header Files</Filter>
    </ClInclude>
    <ClInclude Include="include\guidance\turn_handler.hpp">
      <Filter>Header Files</Filter>
    </ClInclude>
    <ClInclude Include="include\guidance\turn_instruction.hpp">
      <Filter>Header Files</Filter>
    </ClInclude>
    <ClInclude Include="include\guidance\turn_lane_augmentation.hpp">
      <Filter>Header Files</Filter>
    </ClInclude>
    <ClInclude Include="include\guidance\turn_lane_data.hpp">
      <Filter>Header Files</Filter>
    </ClInclude>
    <ClInclude Include="include\guidance\turn_lane_handler.hpp">
      <Filter>Header Files</Filter>
    </ClInclude>
    <ClInclude Include="include\guidance\turn_lane_matcher.hpp">
      <Filter>Header Files</Filter>
    </ClInclude>
    <ClInclude Include="include\osrm\approach.hpp">
      <Filter>Header Files</Filter>
    </ClInclude>
    <ClInclude Include="include\osrm\bearing.hpp">
      <Filter>Header Files</Filter>
    </ClInclude>
    <ClInclude Include="include\osrm\contractor.hpp">
      <Filter>Header Files</Filter>
    </ClInclude>
    <ClInclude Include="include\osrm\contractor_config.hpp">
      <Filter>Header Files</Filter>
    </ClInclude>
    <ClInclude Include="include\osrm\coordinate.hpp">
      <Filter>Header Files</Filter>
    </ClInclude>
    <ClInclude Include="include\osrm\customizer.hpp">
      <Filter>Header Files</Filter>
    </ClInclude>
    <ClInclude Include="include\osrm\customizer_config.hpp">
      <Filter>Header Files</Filter>
    </ClInclude>
    <ClInclude Include="include\osrm\engine_config.hpp">
      <Filter>Header Files</Filter>
    </ClInclude>
    <ClInclude Include="include\osrm\error_codes.hpp">
      <Filter>Header Files</Filter>
    </ClInclude>
    <ClInclude Include="include\osrm\exception.hpp">
      <Filter>Header Files</Filter>
    </ClInclude>
    <ClInclude Include="include\osrm\extractor.hpp">
      <Filter>Header Files</Filter>
    </ClInclude>
    <ClInclude Include="include\osrm\extractor_config.hpp">
      <Filter>Header Files</Filter>
    </ClInclude>
    <ClInclude Include="include\osrm\json_container.hpp">
      <Filter>Header Files</Filter>
    </ClInclude>
    <ClInclude Include="include\osrm\match_parameters.hpp">
      <Filter>Header Files</Filter>
    </ClInclude>
    <ClInclude Include="include\osrm\nearest_parameters.hpp">
      <Filter>Header Files</Filter>
    </ClInclude>
    <ClInclude Include="include\osrm\osrm.hpp">
      <Filter>Header Files</Filter>
    </ClInclude>
    <ClInclude Include="include\osrm\osrm_fwd.hpp">
      <Filter>Header Files</Filter>
    </ClInclude>
    <ClInclude Include="include\osrm\partitioner.hpp">
      <Filter>Header Files</Filter>
    </ClInclude>
    <ClInclude Include="include\osrm\partitioner_config.hpp">
      <Filter>Header Files</Filter>
    </ClInclude>
    <ClInclude Include="include\osrm\route_parameters.hpp">
      <Filter>Header Files</Filter>
    </ClInclude>
    <ClInclude Include="include\osrm\status.hpp">
      <Filter>Header Files</Filter>
    </ClInclude>
    <ClInclude Include="include\osrm\storage_config.hpp">
      <Filter>Header Files</Filter>
    </ClInclude>
    <ClInclude Include="include\osrm\table_parameters.hpp">
      <Filter>Header Files</Filter>
    </ClInclude>
    <ClInclude Include="include\osrm\tile_parameters.hpp">
      <Filter>Header Files</Filter>
    </ClInclude>
    <ClInclude Include="include\osrm\trip_parameters.hpp">
      <Filter>Header Files</Filter>
    </ClInclude>
    <ClInclude Include="include\partitioner\bisection_graph.hpp">
      <Filter>Header Files</Filter>
    </ClInclude>
    <ClInclude Include="include\partitioner\bisection_graph_view.hpp">
      <Filter>Header Files</Filter>
    </ClInclude>
    <ClInclude Include="include\partitioner\bisection_to_partition.hpp">
      <Filter>Header Files</Filter>
    </ClInclude>
    <ClInclude Include="include\partitioner\cell_statistics.hpp">
      <Filter>Header Files</Filter>
    </ClInclude>
    <ClInclude Include="include\partitioner\cell_storage.hpp">
      <Filter>Header Files</Filter>
    </ClInclude>
    <ClInclude Include="include\partitioner\dinic_max_flow.hpp">
      <Filter>Header Files</Filter>
    </ClInclude>
    <ClInclude Include="include\partitioner\edge_based_graph.hpp">
      <Filter>Header Files</Filter>
    </ClInclude>
    <ClInclude Include="include\partitioner\edge_based_graph_reader.hpp">
      <Filter>Header Files</Filter>
    </ClInclude>
    <ClInclude Include="include\partitioner\files.hpp">
      <Filter>Header Files</Filter>
    </ClInclude>
    <ClInclude Include="include\partitioner\inertial_flow.hpp">
      <Filter>Header Files</Filter>
    </ClInclude>
    <ClInclude Include="include\partitioner\multi_level_graph.hpp">
      <Filter>Header Files</Filter>
    </ClInclude>
    <ClInclude Include="include\partitioner\multi_level_partition.hpp">
      <Filter>Header Files</Filter>
    </ClInclude>
    <ClInclude Include="include\partitioner\partition_graph.hpp">
      <Filter>Header Files</Filter>
    </ClInclude>
    <ClInclude Include="include\partitioner\partitioner.hpp">
      <Filter>Header Files</Filter>
    </ClInclude>
    <ClInclude Include="include\partitioner\partitioner_config.hpp">
      <Filter>Header Files</Filter>
    </ClInclude>
    <ClInclude Include="include\partitioner\recursive_bisection.hpp">
      <Filter>Header Files</Filter>
    </ClInclude>
    <ClInclude Include="include\partitioner\recursive_bisection_state.hpp">
      <Filter>Header Files</Filter>
    </ClInclude>
    <ClInclude Include="include\partitioner\remove_unconnected.hpp">
      <Filter>Header Files</Filter>
    </ClInclude>
    <ClInclude Include="include\partitioner\renumber.hpp">
      <Filter>Header Files</Filter>
    </ClInclude>
    <ClInclude Include="include\partitioner\reorder_first_last.hpp">
      <Filter>Header Files</Filter>
    </ClInclude>
    <ClInclude Include="include\partitioner\serialization.hpp">
      <Filter>Header Files</Filter>
    </ClInclude>
    <ClInclude Include="include\partitioner\tarjan_graph_wrapper.hpp">
      <Filter>Header Files</Filter>
    </ClInclude>
    <ClInclude Include="include\server\api\base_parameters_grammar.hpp">
      <Filter>Header Files</Filter>
    </ClInclude>
    <ClInclude Include="include\server\api\match_parameter_grammar.hpp">
      <Filter>Header Files</Filter>
    </ClInclude>
    <ClInclude Include="include\server\api\nearest_parameter_grammar.hpp">
      <Filter>Header Files</Filter>
    </ClInclude>
    <ClInclude Include="include\server\api\parameters_parser.hpp">
      <Filter>Header Files</Filter>
    </ClInclude>
    <ClInclude Include="include\server\api\parsed_url.hpp">
      <Filter>Header Files</Filter>
    </ClInclude>
    <ClInclude Include="include\server\api\route_parameters_grammar.hpp">
      <Filter>Header Files</Filter>
    </ClInclude>
    <ClInclude Include="include\server\api\table_parameter_grammar.hpp">
      <Filter>Header Files</Filter>
    </ClInclude>
    <ClInclude Include="include\server\api\tile_parameter_grammar.hpp">
      <Filter>Header Files</Filter>
    </ClInclude>
    <ClInclude Include="include\server\api\trip_parameter_grammar.hpp">
      <Filter>Header Files</Filter>
    </ClInclude>
    <ClInclude Include="include\server\api\url_parser.hpp">
      <Filter>Header Files</Filter>
    </ClInclude>
    <ClInclude Include="include\server\http\compression_type.hpp">
      <Filter>Header Files</Filter>
    </ClInclude>
    <ClInclude Include="include\server\http\header.hpp">
      <Filter>Header Files</Filter>
    </ClInclude>
    <ClInclude Include="include\server\http\reply.hpp">
      <Filter>Header Files</Filter>
    </ClInclude>
    <ClInclude Include="include\server\http\request.hpp">
      <Filter>Header Files</Filter>
    </ClInclude>
    <ClInclude Include="include\server\service\base_service.hpp">
      <Filter>Header Files</Filter>
    </ClInclude>
    <ClInclude Include="include\server\service\match_service.hpp">
      <Filter>Header Files</Filter>
    </ClInclude>
    <ClInclude Include="include\server\service\nearest_service.hpp">
      <Filter>Header Files</Filter>
    </ClInclude>
    <ClInclude Include="include\server\service\route_service.hpp">
      <Filter>Header Files</Filter>
    </ClInclude>
    <ClInclude Include="include\server\service\table_service.hpp">
      <Filter>Header Files</Filter>
    </ClInclude>
    <ClInclude Include="include\server\service\tile_service.hpp">
      <Filter>Header Files</Filter>
    </ClInclude>
    <ClInclude Include="include\server\service\trip_service.hpp">
      <Filter>Header Files</Filter>
    </ClInclude>
    <ClInclude Include="include\server\service\utils.hpp">
      <Filter>Header Files</Filter>
    </ClInclude>
    <ClInclude Include="include\server\connection.hpp">
      <Filter>Header Files</Filter>
    </ClInclude>
    <ClInclude Include="include\server\request_handler.hpp">
      <Filter>Header Files</Filter>
    </ClInclude>
    <ClInclude Include="include\server\request_parser.hpp">
      <Filter>Header Files</Filter>
    </ClInclude>
    <ClInclude Include="include\server\server.hpp">
      <Filter>Header Files</Filter>
    </ClInclude>
    <ClInclude Include="include\server\service_handler.hpp">
      <Filter>Header Files</Filter>
    </ClInclude>
    <ClInclude Include="include\storage\block.hpp">
      <Filter>Header Files</Filter>
    </ClInclude>
    <ClInclude Include="include\storage\io.hpp">
      <Filter>Header Files</Filter>
    </ClInclude>
    <ClInclude Include="include\storage\io_config.hpp">
      <Filter>Header Files</Filter>
    </ClInclude>
    <ClInclude Include="include\storage\io_fwd.hpp">
      <Filter>Header Files</Filter>
    </ClInclude>
    <ClInclude Include="include\storage\serialization.hpp">
      <Filter>Header Files</Filter>
    </ClInclude>
    <ClInclude Include="include\storage\shared_data_index.hpp">
      <Filter>Header Files</Filter>
    </ClInclude>
    <ClInclude Include="include\storage\shared_datatype.hpp">
      <Filter>Header Files</Filter>
    </ClInclude>
    <ClInclude Include="include\storage\shared_memory.hpp">
      <Filter>Header Files</Filter>
    </ClInclude>
    <ClInclude Include="include\storage\shared_memory_ownership.hpp">
      <Filter>Header Files</Filter>
    </ClInclude>
    <ClInclude Include="include\storage\shared_monitor.hpp">
      <Filter>Header Files</Filter>
    </ClInclude>
    <ClInclude Include="include\storage\storage.hpp">
      <Filter>Header Files</Filter>
    </ClInclude>
    <ClInclude Include="include\storage\storage_config.hpp">
      <Filter>Header Files</Filter>
    </ClInclude>
    <ClInclude Include="include\storage\tar.hpp">
      <Filter>Header Files</Filter>
    </ClInclude>
    <ClInclude Include="include\storage\tar_fwd.hpp">
      <Filter>Header Files</Filter>
    </ClInclude>
    <ClInclude Include="include\storage\view_factory.hpp">
      <Filter>Header Files</Filter>
    </ClInclude>
    <ClInclude Include="include\updater\csv_file_parser.hpp">
      <Filter>Header Files</Filter>
    </ClInclude>
    <ClInclude Include="include\updater\csv_source.hpp">
      <Filter>Header Files</Filter>
    </ClInclude>
    <ClInclude Include="include\updater\source.hpp">
      <Filter>Header Files</Filter>
    </ClInclude>
    <ClInclude Include="include\updater\updater.hpp">
      <Filter>Header Files</Filter>
    </ClInclude>
    <ClInclude Include="include\updater\updater_config.hpp">
      <Filter>Header Files</Filter>
    </ClInclude>
    <ClInclude Include="include\util\guidance\bearing_class.hpp">
      <Filter>Header Files</Filter>
    </ClInclude>
    <ClInclude Include="include\util\guidance\entry_class.hpp">
      <Filter>Header Files</Filter>
    </ClInclude>
    <ClInclude Include="include\util\guidance\name_announcements.hpp">
      <Filter>Header Files</Filter>
    </ClInclude>
    <ClInclude Include="include\util\guidance\turn_lanes.hpp">
      <Filter>Header Files</Filter>
    </ClInclude>
    <ClInclude Include="include\util\alias.hpp">
      <Filter>Header Files</Filter>
    </ClInclude>
    <ClInclude Include="include\util\assert.hpp">
      <Filter>Header Files</Filter>
    </ClInclude>
    <ClInclude Include="include\util\attributes.hpp">
      <Filter>Header Files</Filter>
    </ClInclude>
    <ClInclude Include="include\util\bearing.hpp">
      <Filter>Header Files</Filter>
    </ClInclude>
    <ClInclude Include="include\util\bit_range.hpp">
      <Filter>Header Files</Filter>
    </ClInclude>
    <ClInclude Include="include\util\cast.hpp">
      <Filter>Header Files</Filter>
    </ClInclude>
    <ClInclude Include="include\util\concurrent_id_map.hpp">
      <Filter>Header Files</Filter>
    </ClInclude>
    <ClInclude Include="include\util\conditional_restrictions.hpp">
      <Filter>Header Files</Filter>
    </ClInclude>
    <ClInclude Include="include\util\connectivity_checksum.hpp">
      <Filter>Header Files</Filter>
    </ClInclude>
    <ClInclude Include="include\util\container.hpp">
      <Filter>Header Files</Filter>
    </ClInclude>
    <ClInclude Include="include\util\coordinate.hpp">
      <Filter>Header Files</Filter>
    </ClInclude>
    <ClInclude Include="include\util\coordinate_calculation.hpp">
      <Filter>Header Files</Filter>
    </ClInclude>
    <ClInclude Include="include\util\deallocating_vector.hpp">
      <Filter>Header Files</Filter>
    </ClInclude>
    <ClInclude Include="include\util\debug.hpp">
      <Filter>Header Files</Filter>
    </ClInclude>
    <ClInclude Include="include\util\dist_table_wrapper.hpp">
      <Filter>Header Files</Filter>
    </ClInclude>
    <ClInclude Include="include\util\dynamic_graph.hpp">
      <Filter>Header Files</Filter>
    </ClInclude>
    <ClInclude Include="include\util\exception.hpp">
      <Filter>Header Files</Filter>
    </ClInclude>
    <ClInclude Include="include\util\exception_utils.hpp">
      <Filter>Header Files</Filter>
    </ClInclude>
    <ClInclude Include="include\util\exclude_flag.hpp">
      <Filter>Header Files</Filter>
    </ClInclude>
    <ClInclude Include="include\util\filtered_graph.hpp">
      <Filter>Header Files</Filter>
    </ClInclude>
    <ClInclude Include="include\util\filtered_integer_range.hpp">
      <Filter>Header Files</Filter>
    </ClInclude>
    <ClInclude Include="include\util\fingerprint.hpp">
      <Filter>Header Files</Filter>
    </ClInclude>
    <ClInclude Include="include\util\for_each_pair.hpp">
      <Filter>Header Files</Filter>
    </ClInclude>
    <ClInclude Include="include\util\for_each_range.hpp">
      <Filter>Header Files</Filter>
    </ClInclude>
    <ClInclude Include="include\util\geojson_debug_logger.hpp">
      <Filter>Header Files</Filter>
    </ClInclude>
    <ClInclude Include="include\util\geojson_debug_policies.hpp">
      <Filter>Header Files</Filter>
    </ClInclude>
    <ClInclude Include="include\util\geojson_debug_policy_toolkit.hpp">
      <Filter>Header Files</Filter>
    </ClInclude>
    <ClInclude Include="include\util\geojson_validation.hpp">
      <Filter>Header Files</Filter>
    </ClInclude>
    <ClInclude Include="include\util\graph_traits.hpp">
      <Filter>Header Files</Filter>
    </ClInclude>
    <ClInclude Include="include\util\graph_utils.hpp">
      <Filter>Header Files</Filter>
    </ClInclude>
    <ClInclude Include="include\util\group_by.hpp">
      <Filter>Header Files</Filter>
    </ClInclude>
    <ClInclude Include="include\util\hilbert_value.hpp">
      <Filter>Header Files</Filter>
    </ClInclude>
    <ClInclude Include="include\util\ieee754.hpp">
      <Filter>Header Files</Filter>
    </ClInclude>
    <ClInclude Include="include\util\indexed_data.hpp">
      <Filter>Header Files</Filter>
    </ClInclude>
    <ClInclude Include="include\util\integer_range.hpp">
      <Filter>Header Files</Filter>
    </ClInclude>
    <ClInclude Include="include\util\isatty.hpp">
      <Filter>Header Files</Filter>
    </ClInclude>
    <ClInclude Include="include\util\json_container.hpp">
      <Filter>Header Files</Filter>
    </ClInclude>
    <ClInclude Include="include\util\json_deep_compare.hpp">
      <Filter>Header Files</Filter>
    </ClInclude>
    <ClInclude Include="include\util\json_renderer.hpp">
      <Filter>Header Files</Filter>
    </ClInclude>
    <ClInclude Include="include\util\json_util.hpp">
      <Filter>Header Files</Filter>
    </ClInclude>
    <ClInclude Include="include\util\log.hpp">
      <Filter>Header Files</Filter>
    </ClInclude>
    <ClInclude Include="include\util\lua_util.hpp">
      <Filter>Header Files</Filter>
    </ClInclude>
    <ClInclude Include="include\util\matrix_graph_wrapper.hpp">
      <Filter>Header Files</Filter>
    </ClInclude>
    <ClInclude Include="include\util\meminfo.hpp">
      <Filter>Header Files</Filter>
    </ClInclude>
    <ClInclude Include="include\util\mmap_file.hpp">
      <Filter>Header Files</Filter>
    </ClInclude>
    <ClInclude Include="include\util\mmap_tar.hpp">
      <Filter>Header Files</Filter>
    </ClInclude>
    <ClInclude Include="include\util\msb.hpp">
      <Filter>Header Files</Filter>
    </ClInclude>
    <ClInclude Include="include\util\node_based_graph.hpp">
      <Filter>Header Files</Filter>
    </ClInclude>
    <ClInclude Include="include\util\opening_hours.hpp">
      <Filter>Header Files</Filter>
    </ClInclude>
    <ClInclude Include="include\util\packed_vector.hpp">
      <Filter>Header Files</Filter>
    </ClInclude>
    <ClInclude Include="include\util\percent.hpp">
      <Filter>Header Files</Filter>
    </ClInclude>
    <ClInclude Include="include\util\permutation.hpp">
      <Filter>Header Files</Filter>
    </ClInclude>
    <ClInclude Include="include\util\query_heap.hpp">
      <Filter>Header Files</Filter>
    </ClInclude>
    <ClInclude Include="include\util\range_table.hpp">
      <Filter>Header Files</Filter>
    </ClInclude>
    <ClInclude Include="include\util\rectangle.hpp">
      <Filter>Header Files</Filter>
    </ClInclude>
    <ClInclude Include="include\util\serialization.hpp">
      <Filter>Header Files</Filter>
    </ClInclude>
    <ClInclude Include="include\util\static_assert.hpp">
      <Filter>Header Files</Filter>
    </ClInclude>
    <ClInclude Include="include\util\static_graph.hpp">
      <Filter>Header Files</Filter>
    </ClInclude>
    <ClInclude Include="include\util\static_rtree.hpp">
      <Filter>Header Files</Filter>
    </ClInclude>
    <ClInclude Include="include\util\std_hash.hpp">
      <Filter>Header Files</Filter>
    </ClInclude>
    <ClInclude Include="include\util\string_util.hpp">
      <Filter>Header Files</Filter>
    </ClInclude>
    <ClInclude Include="include\util\string_view.hpp">
      <Filter>Header Files</Filter>
    </ClInclude>
    <ClInclude Include="include\util\timed_histogram.hpp">
      <Filter>Header Files</Filter>
    </ClInclude>
    <ClInclude Include="include\util\timezones.hpp">
      <Filter>Header Files</Filter>
    </ClInclude>
    <ClInclude Include="include\util\timing_util.hpp">
      <Filter>Header Files</Filter>
    </ClInclude>
    <ClInclude Include="include\util\to_osm_link.hpp">
      <Filter>Header Files</Filter>
    </ClInclude>
    <ClInclude Include="include\util\trigonometry_table.hpp">
      <Filter>Header Files</Filter>
    </ClInclude>
    <ClInclude Include="include\util\typedefs.hpp">
      <Filter>Header Files</Filter>
    </ClInclude>
    <ClInclude Include="include\util\vector_tile.hpp">
      <Filter>Header Files</Filter>
    </ClInclude>
    <ClInclude Include="include\util\vector_view.hpp">
      <Filter>Header Files</Filter>
    </ClInclude>
    <ClInclude Include="include\util\viewport.hpp">
      <Filter>Header Files</Filter>
    </ClInclude>
    <ClInclude Include="include\util\web_mercator.hpp">
      <Filter>Header Files</Filter>
    </ClInclude>
    <ClInclude Include="include\util\xor_fast_hash.hpp">
      <Filter>Header Files</Filter>
    </ClInclude>
    <ClInclude Include="include\util\xor_fast_hash_storage.hpp">
      <Filter>Header Files</Filter>
    </ClInclude>
  </ItemGroup>
</Project>